
Microsoft Visual Studio Solution File, Format Version 12.00
# Visual Studio Version 16
VisualStudioVersion = 16.0.31624.102
MinimumVisualStudioVersion = 10.0.40219.1
Project("{E24C65DC-7377-472B-9ABA-BC803B73C61A}") = "ConvertitoreValuteService", "ConvertitoreValuteService\", "{2A243D3E-F545-403D-B1BA-651C90B7D067}"
	ProjectSection(WebsiteProperties) = preProject
		TargetFrameworkMoniker = ".NETFramework,Version%3Dv4.7.2"
		Debug.AspNetCompiler.VirtualPath = "/localhost_54409"
		Debug.AspNetCompiler.PhysicalPath = "ConvertitoreValuteService\"
		Debug.AspNetCompiler.TargetPath = "PrecompiledWeb\localhost_54409\"
		Debug.AspNetCompiler.Updateable = "true"
		Debug.AspNetCompiler.ForceOverwrite = "true"
		Debug.AspNetCompiler.FixedNames = "false"
		Debug.AspNetCompiler.Debug = "True"
		Release.AspNetCompiler.VirtualPath = "/localhost_54409"
		Release.AspNetCompiler.PhysicalPath = "ConvertitoreValuteService\"
		Release.AspNetCompiler.TargetPath = "PrecompiledWeb\localhost_54409\"
		Release.AspNetCompiler.Updateable = "true"
		Release.AspNetCompiler.ForceOverwrite = "true"
		Release.AspNetCompiler.FixedNames = "false"
		Release.AspNetCompiler.Debug = "False"
		VWDPort = "54409"
		SlnRelativePath = "ConvertitoreValuteService\"
		DefaultWebSiteLanguage = "Visual C#"
	EndProjectSection
EndProject
Global
	GlobalSection(SolutionConfigurationPlatforms) = preSolution
		Debug|Any CPU = Debug|Any CPU
	EndGlobalSection
	GlobalSection(ProjectConfigurationPlatforms) = postSolution
		{2A243D3E-F545-403D-B1BA-651C90B7D067}.Debug|Any CPU.ActiveCfg = Debug|Any CPU
		{2A243D3E-F545-403D-B1BA-651C90B7D067}.Debug|Any CPU.Build.0 = Debug|Any CPU
	EndGlobalSection
	GlobalSection(SolutionProperties) = preSolution
		HideSolutionNode = FALSE
	EndGlobalSection
	GlobalSection(ExtensibilityGlobals) = postSolution
		SolutionGuid = {7826EC49-C1D2-454F-899B-DD5589F4D652}
	EndGlobalSection
EndGlobal
